{
  "projects": [
    {
      "projectId": "seaQhLVS4bbjiGvJJrRwyL",
      "version": "15.0.3",
      "dependencies": {},
      "lang": "js",
      "fileLocks": [
        {
          "assetId": "seaQhLVS4bbjiGvJJrRwyL",
          "type": "projectCss",
          "checksum": "96d0c5256c70ddefc2366d3580ce9213"
        }
      ],
      "codegenVersion": "0.0.1"
    },
    {
      "projectId": "tKTnPCKDkyqVsBLoY29HS4",
      "version": "latest",
      "dependencies": {
        "seaQhLVS4bbjiGvJJrRwyL": "15.0.3"
      },
      "lang": "js",
      "fileLocks": [
        {
          "type": "globalVariant",
          "assetId": "d78fvYflotizkk",
          "checksum": "1950a3df08004240b61f656927e572ef"
        },
        {
          "type": "renderModule",
          "assetId": "yOP6IrvdsVj-G",
          "checksum": "576e7695f053dd2e920d1058a0811256"
        },
        {
          "type": "cssRules",
          "assetId": "yOP6IrvdsVj-G",
          "checksum": "576e7695f053dd2e920d1058a0811256"
        },
        {
          "type": "renderModule",
          "assetId": "ey_uE02a4G6XM",
          "checksum": "47b2eaa7c1b9cc69bf299f6c2abec8dd"
        },
        {
          "type": "cssRules",
          "assetId": "ey_uE02a4G6XM",
          "checksum": "47b2eaa7c1b9cc69bf299f6c2abec8dd"
        },
        {
          "type": "renderModule",
          "assetId": "ZPn3bgNH6g0zH",
          "checksum": "a8bb110aac4aa31f6a28b43e99a00ee5"
        },
        {
          "type": "cssRules",
          "assetId": "ZPn3bgNH6g0zH",
          "checksum": "a8bb110aac4aa31f6a28b43e99a00ee5"
        },
        {
          "type": "renderModule",
          "assetId": "kJwLVc9E80M3h",
          "checksum": "5a13924c9edb541dcf6418fb2c7fde5f"
        },
        {
          "type": "cssRules",
          "assetId": "kJwLVc9E80M3h",
          "checksum": "5a13924c9edb541dcf6418fb2c7fde5f"
        },
        {
          "type": "renderModule",
          "assetId": "WLZ0rblPyexnv",
          "checksum": "a0c68f5f616534aa9e766a5632331464"
        },
        {
          "type": "cssRules",
          "assetId": "WLZ0rblPyexnv",
          "checksum": "a0c68f5f616534aa9e766a5632331464"
        },
        {
          "type": "renderModule",
          "assetId": "jj6PS5r6usRXA",
          "checksum": "39a88f373bbd93fdabf0c95f2b360a81"
        },
        {
          "type": "cssRules",
          "assetId": "jj6PS5r6usRXA",
          "checksum": "39a88f373bbd93fdabf0c95f2b360a81"
        },
        {
          "type": "renderModule",
          "assetId": "drurerqJ3-jOgr",
          "checksum": "79b0fdbf560631b94632f40d18b716af"
        },
        {
          "type": "cssRules",
          "assetId": "drurerqJ3-jOgr",
          "checksum": "79b0fdbf560631b94632f40d18b716af"
        },
        {
          "type": "renderModule",
          "assetId": "mSAMIIjmOTBMVb",
          "checksum": "df903b3595a94849283e73749514245c"
        },
        {
          "type": "cssRules",
          "assetId": "mSAMIIjmOTBMVb",
          "checksum": "df903b3595a94849283e73749514245c"
        },
        {
          "type": "renderModule",
          "assetId": "mHQmBVsAWADp4N",
          "checksum": "377d9cecdfac6aae692eecf9ba4b23fb"
        },
        {
          "type": "cssRules",
          "assetId": "mHQmBVsAWADp4N",
          "checksum": "377d9cecdfac6aae692eecf9ba4b23fb"
        },
        {
          "type": "renderModule",
          "assetId": "I998XhvLi8pnj-",
          "checksum": "1f943bd1cbad6f290d72879fd1900f8b"
        },
        {
          "type": "cssRules",
          "assetId": "I998XhvLi8pnj-",
          "checksum": "1f943bd1cbad6f290d72879fd1900f8b"
        },
        {
          "type": "renderModule",
          "assetId": "Zc74PdOUSuQcIp",
          "checksum": "a965f47cebec84d67a3447d3328ac68a"
        },
        {
          "type": "cssRules",
          "assetId": "Zc74PdOUSuQcIp",
          "checksum": "a965f47cebec84d67a3447d3328ac68a"
        },
        {
          "type": "renderModule",
          "assetId": "gYKr9ZKOhbnexO",
          "checksum": "c82072f9a396e7e3105e13731f5250c9"
        },
        {
          "type": "cssRules",
          "assetId": "gYKr9ZKOhbnexO",
          "checksum": "c82072f9a396e7e3105e13731f5250c9"
        },
        {
          "type": "renderModule",
          "assetId": "BtVnlZOk39LgvY",
          "checksum": "17c9d2dd2df1608d53f2ab8cc5c1db8b"
        },
        {
          "type": "cssRules",
          "assetId": "BtVnlZOk39LgvY",
          "checksum": "17c9d2dd2df1608d53f2ab8cc5c1db8b"
        },
        {
          "type": "renderModule",
          "assetId": "FR5Q4W7re2-kzK",
          "checksum": "878f1deb6a80bd76b1ea6d0dd14bd9a7"
        },
        {
          "type": "cssRules",
          "assetId": "FR5Q4W7re2-kzK",
          "checksum": "878f1deb6a80bd76b1ea6d0dd14bd9a7"
        },
        {
          "type": "renderModule",
          "assetId": "O5PofbKZuSyR-q",
          "checksum": "a35d132ab76c4ea6fbd1bce118429ea6"
        },
        {
          "type": "cssRules",
          "assetId": "O5PofbKZuSyR-q",
          "checksum": "a35d132ab76c4ea6fbd1bce118429ea6"
        },
        {
          "type": "renderModule",
          "assetId": "iFqFPiL8JIFWnK",
          "checksum": "cdab5a78bf09e6e13448aa08cbb4f18d"
        },
        {
          "type": "cssRules",
          "assetId": "iFqFPiL8JIFWnK",
          "checksum": "cdab5a78bf09e6e13448aa08cbb4f18d"
        },
        {
          "type": "renderModule",
          "assetId": "rkMFJp1JSm80t2",
          "checksum": "fe90f73c1694cd5bb88cd9121f867b92"
        },
        {
          "type": "cssRules",
          "assetId": "rkMFJp1JSm80t2",
          "checksum": "fe90f73c1694cd5bb88cd9121f867b92"
        },
        {
          "type": "icon",
          "assetId": "Mo8-oNtvr93R_X",
          "checksum": "6477b5ead53d9ebcb3c57a4e127f0203"
        },
        {
          "type": "icon",
          "assetId": "aYYl40-BIKRWKP",
          "checksum": "d91b044b96f4860165abe7a35f5b78cf"
        },
        {
          "type": "icon",
          "assetId": "hsDNdQpe-px1RH",
          "checksum": "9032ad6cf2403e66309dc1fe18f5bd35"
        },
        {
          "type": "icon",
          "assetId": "EmQfyxEqr64t9m",
          "checksum": "a05b026dec65ff137395197894cb8427"
        },
        {
          "type": "icon",
          "assetId": "Wv0VnUzBEWKfnt",
          "checksum": "efa6b20a5a0025e06835a10e40c32744"
        },
        {
          "type": "icon",
          "assetId": "pk6UUmy6cpdBuH",
          "checksum": "033e9a57419594ee00d9e565a522c9a2"
        },
        {
          "type": "icon",
          "assetId": "3grBEaJHqB0cM8",
          "checksum": "899a3611ea19f180a41fb180d96b80ab"
        },
        {
          "type": "icon",
          "assetId": "lfJt1wCHZiFF7o",
          "checksum": "ce12dcec7600ac6b6b927c703ab39125"
        },
        {
          "type": "icon",
          "assetId": "ymSw14DsLNa55d",
          "checksum": "a69b89a472612cf18130c802f4a7b2d6"
        },
        {
          "type": "icon",
          "assetId": "AskK07yZKOtgT5",
          "checksum": "2762188bf1e25cd425363309f71b6085"
        },
        {
          "type": "icon",
          "assetId": "vHOFAU2EOYf9bE",
          "checksum": "064b04a2a68a144e8a07951f17d4bc7d"
        },
        {
          "type": "icon",
          "assetId": "JTfRUZZiL9CILc",
          "checksum": "0ad3e29355fef0f53dd8c006b39cc6de"
        },
        {
          "type": "icon",
          "assetId": "hYYYjOALjvkxuH",
          "checksum": "d8649893d4fb6d9f46d897ecb1ef6b89"
        },
        {
          "type": "icon",
          "assetId": "Va2yuFZZdQXRku",
          "checksum": "49dfff502307bc869c4c36db2d636426"
        },
        {
          "type": "icon",
          "assetId": "WmvLxphlopsd41",
          "checksum": "9caae2e8cb26fdad0caacaa6c1406bc7"
        },
        {
          "type": "icon",
          "assetId": "eW-eLIZdBOEjBO",
          "checksum": "aa95b4c227d32d3e9201b115d3abfcd0"
        },
        {
          "type": "icon",
          "assetId": "CeDOkz4kPQ1lJ8",
          "checksum": "62dbb8802fcecade2683bbac0189c354"
        },
        {
          "type": "icon",
          "assetId": "6MLW-XtXOmG0d4",
          "checksum": "171a952ed2514a05fe7f638b799f3a41"
        },
        {
          "type": "icon",
          "assetId": "QPSdJ4RR2IRKm_",
          "checksum": "b6f3a290bad23829c43923dd7e496535"
        },
        {
          "type": "icon",
          "assetId": "TsBdFIJOOJxUHu",
          "checksum": "9cc4863688984c83da9874bc47280271"
        },
        {
          "type": "icon",
          "assetId": "9d6rKtCfvD10hE",
          "checksum": "f037acdf4648d1a5d2d2cc206076fd96"
        },
        {
          "type": "icon",
          "assetId": "P-WVggbukb3kXX",
          "checksum": "f3f49743354f5e973e801748b8c66555"
        },
        {
          "type": "image",
          "assetId": "x0zkcYzpviBCn2",
          "checksum": "0ba523e1d9491e5649d8678ef6cdd832"
        },
        {
          "type": "image",
          "assetId": "8Cn3_RK83eCOgx",
          "checksum": "54a400e2e147b7e415dab80673a706c3"
        },
        {
          "type": "image",
          "assetId": "1OAoXLs9WX1OaP",
          "checksum": "851f17a8cb11830e7f414bff75f6ac35"
        },
        {
          "type": "image",
          "assetId": "sitZaBJxL90J0S",
          "checksum": "1da05c527ddeda443001c39cedbd6a36"
        },
        {
          "type": "renderModule",
          "assetId": "bhIPBS0rHs",
          "checksum": "edc69d54ef47c6b50cd32570438ae22b"
        },
        {
          "type": "cssRules",
          "assetId": "bhIPBS0rHs",
          "checksum": "edc69d54ef47c6b50cd32570438ae22b"
        },
        {
          "assetId": "tKTnPCKDkyqVsBLoY29HS4",
          "type": "projectCss",
          "checksum": "c43c344d3feaa980c121fde9907837c6"
        }
      ],
      "codegenVersion": "0.0.1"
    }
  ],
  "cliVersion": "0.1.176"
}
