{
  "projects": [
    {
      "projectId": "seaQhLVS4bbjiGvJJrRwyL",
      "version": "15.0.3",
      "dependencies": {},
      "lang": "js",
      "fileLocks": [
        {
          "assetId": "seaQhLVS4bbjiGvJJrRwyL",
          "type": "projectCss",
          "checksum": "96d0c5256c70ddefc2366d3580ce9213"
        }
      ],
      "codegenVersion": "0.0.1"
    },
    {
      "projectId": "tKTnPCKDkyqVsBLoY29HS4",
      "version": "latest",
      "dependencies": {
        "seaQhLVS4bbjiGvJJrRwyL": "15.0.3"
      },
      "lang": "js",
      "fileLocks": [
        {
          "type": "globalVariant",
          "assetId": "d78fvYflotizkk",
          "checksum": "1950a3df08004240b61f656927e572ef"
        },
        {
          "type": "renderModule",
          "assetId": "yOP6IrvdsVj-G",
          "checksum": "be1adcb305d270faced91dfe16de208d"
        },
        {
          "type": "cssRules",
          "assetId": "yOP6IrvdsVj-G",
          "checksum": "be1adcb305d270faced91dfe16de208d"
        },
        {
          "type": "renderModule",
          "assetId": "ey_uE02a4G6XM",
          "checksum": "61ff972c46c23fafec9064dba273d69b"
        },
        {
          "type": "cssRules",
          "assetId": "ey_uE02a4G6XM",
          "checksum": "61ff972c46c23fafec9064dba273d69b"
        },
        {
          "type": "renderModule",
          "assetId": "ZPn3bgNH6g0zH",
          "checksum": "55ce94aeb440011e41079b97cedc8ea9"
        },
        {
          "type": "cssRules",
          "assetId": "ZPn3bgNH6g0zH",
          "checksum": "55ce94aeb440011e41079b97cedc8ea9"
        },
        {
          "type": "renderModule",
          "assetId": "kJwLVc9E80M3h",
          "checksum": "ef0c7a70f5c87e12d0da88ae1b2e89a3"
        },
        {
          "type": "cssRules",
          "assetId": "kJwLVc9E80M3h",
          "checksum": "ef0c7a70f5c87e12d0da88ae1b2e89a3"
        },
        {
          "type": "renderModule",
          "assetId": "WLZ0rblPyexnv",
          "checksum": "7f33862c6eb08cc714086ca4a057b23e"
        },
        {
          "type": "cssRules",
          "assetId": "WLZ0rblPyexnv",
          "checksum": "7f33862c6eb08cc714086ca4a057b23e"
        },
        {
          "type": "renderModule",
          "assetId": "jj6PS5r6usRXA",
          "checksum": "9242f37bd77992614c9af80f98d9de5c"
        },
        {
          "type": "cssRules",
          "assetId": "jj6PS5r6usRXA",
          "checksum": "9242f37bd77992614c9af80f98d9de5c"
        },
        {
          "type": "renderModule",
          "assetId": "drurerqJ3-jOgr",
          "checksum": "dc984b95c3276397da58aad5b56d2af9"
        },
        {
          "type": "cssRules",
          "assetId": "drurerqJ3-jOgr",
          "checksum": "dc984b95c3276397da58aad5b56d2af9"
        },
        {
          "type": "renderModule",
          "assetId": "mSAMIIjmOTBMVb",
          "checksum": "a594df46052b38b8b362b43f88c0ffee"
        },
        {
          "type": "cssRules",
          "assetId": "mSAMIIjmOTBMVb",
          "checksum": "a594df46052b38b8b362b43f88c0ffee"
        },
        {
          "type": "renderModule",
          "assetId": "mHQmBVsAWADp4N",
          "checksum": "2ad4c2c133b98c672386f6730c2cb985"
        },
        {
          "type": "cssRules",
          "assetId": "mHQmBVsAWADp4N",
          "checksum": "2ad4c2c133b98c672386f6730c2cb985"
        },
        {
          "type": "renderModule",
          "assetId": "I998XhvLi8pnj-",
          "checksum": "c0ae4305f5a86fb8e4ef499e80be1c08"
        },
        {
          "type": "cssRules",
          "assetId": "I998XhvLi8pnj-",
          "checksum": "c0ae4305f5a86fb8e4ef499e80be1c08"
        },
        {
          "type": "renderModule",
          "assetId": "Zc74PdOUSuQcIp",
          "checksum": "66e7c9889ef0054898a89c76269b0af0"
        },
        {
          "type": "cssRules",
          "assetId": "Zc74PdOUSuQcIp",
          "checksum": "66e7c9889ef0054898a89c76269b0af0"
        },
        {
          "type": "renderModule",
          "assetId": "gYKr9ZKOhbnexO",
          "checksum": "14e8877eeb4ef9200434339e355f7a19"
        },
        {
          "type": "cssRules",
          "assetId": "gYKr9ZKOhbnexO",
          "checksum": "14e8877eeb4ef9200434339e355f7a19"
        },
        {
          "type": "renderModule",
          "assetId": "BtVnlZOk39LgvY",
          "checksum": "3c7d1e9adca42d02b9f8775a14174896"
        },
        {
          "type": "cssRules",
          "assetId": "BtVnlZOk39LgvY",
          "checksum": "3c7d1e9adca42d02b9f8775a14174896"
        },
        {
          "type": "renderModule",
          "assetId": "FR5Q4W7re2-kzK",
          "checksum": "641dd09781f596bd928b23ee5c21f9c2"
        },
        {
          "type": "cssRules",
          "assetId": "FR5Q4W7re2-kzK",
          "checksum": "641dd09781f596bd928b23ee5c21f9c2"
        },
        {
          "type": "renderModule",
          "assetId": "O5PofbKZuSyR-q",
          "checksum": "dc6d18595996fab458655c1129f94043"
        },
        {
          "type": "cssRules",
          "assetId": "O5PofbKZuSyR-q",
          "checksum": "dc6d18595996fab458655c1129f94043"
        },
        {
          "type": "renderModule",
          "assetId": "iFqFPiL8JIFWnK",
          "checksum": "f9cd26ffc60a2a3785e5afa1fb09d5db"
        },
        {
          "type": "cssRules",
          "assetId": "iFqFPiL8JIFWnK",
          "checksum": "f9cd26ffc60a2a3785e5afa1fb09d5db"
        },
        {
          "type": "renderModule",
          "assetId": "rkMFJp1JSm80t2",
          "checksum": "8e93e3f7448299c60f14697f5c4ab5af"
        },
        {
          "type": "cssRules",
          "assetId": "rkMFJp1JSm80t2",
          "checksum": "8e93e3f7448299c60f14697f5c4ab5af"
        },
        {
          "type": "icon",
          "assetId": "aYYl40-BIKRWKP",
          "checksum": "d91b044b96f4860165abe7a35f5b78cf"
        },
        {
          "type": "icon",
          "assetId": "6MLW-XtXOmG0d4",
          "checksum": "171a952ed2514a05fe7f638b799f3a41"
        },
        {
          "type": "icon",
          "assetId": "QPSdJ4RR2IRKm_",
          "checksum": "b6f3a290bad23829c43923dd7e496535"
        },
        {
          "type": "icon",
          "assetId": "TsBdFIJOOJxUHu",
          "checksum": "9cc4863688984c83da9874bc47280271"
        },
        {
          "type": "icon",
          "assetId": "9d6rKtCfvD10hE",
          "checksum": "f037acdf4648d1a5d2d2cc206076fd96"
        },
        {
          "type": "icon",
          "assetId": "P-WVggbukb3kXX",
          "checksum": "f3f49743354f5e973e801748b8c66555"
        },
        {
          "type": "renderModule",
          "assetId": "bhIPBS0rHs",
          "checksum": "315faba70eefc3df26d7d6137d03fbb1"
        },
        {
          "type": "cssRules",
          "assetId": "bhIPBS0rHs",
          "checksum": "315faba70eefc3df26d7d6137d03fbb1"
        },
        {
          "type": "image",
          "assetId": "LKJzftBp5",
          "checksum": "82665d7b84fb96cdc904989eabebb031"
        },
        {
          "type": "image",
          "assetId": "p6h5J85ZC",
          "checksum": "3ba54dccf305e3de84cfa67674c46add"
        },
        {
          "type": "icon",
          "assetId": "RKqBm-edS",
          "checksum": "9a80ce0d90b25a9c0123bfe16e65c1c3"
        },
        {
          "type": "image",
          "assetId": "ZRCjeyjS9",
          "checksum": "d89844c7fd9f29862854d0dbb37b149a"
        },
        {
          "type": "image",
          "assetId": "j0Wo-DQk-",
          "checksum": "fda59f3e49f29ace5293b54c7674b5ca"
        },
        {
          "type": "icon",
          "assetId": "QW9K0OUTp",
          "checksum": "8c16c2b038504720225ed9a254115ffc"
        },
        {
          "type": "renderModule",
          "assetId": "gyrzR9gsfX",
          "checksum": "fdeef8efc3f26ea49883bd2d56cef6dd"
        },
        {
          "type": "cssRules",
          "assetId": "gyrzR9gsfX",
          "checksum": "fdeef8efc3f26ea49883bd2d56cef6dd"
        },
        {
          "assetId": "tKTnPCKDkyqVsBLoY29HS4",
          "type": "projectCss",
          "checksum": "c43c344d3feaa980c121fde9907837c6"
        }
      ],
      "codegenVersion": "0.0.1"
    }
  ],
  "cliVersion": "0.1.176"
}
