{
  "projects": [
    {
      "projectId": "seaQhLVS4bbjiGvJJrRwyL",
      "version": "15.0.3",
      "dependencies": {},
      "lang": "js",
      "fileLocks": [
        {
          "assetId": "seaQhLVS4bbjiGvJJrRwyL",
          "type": "projectCss",
          "checksum": "96d0c5256c70ddefc2366d3580ce9213"
        }
      ],
      "codegenVersion": "0.0.1"
    },
    {
      "projectId": "tKTnPCKDkyqVsBLoY29HS4",
      "version": "latest",
      "dependencies": {
        "seaQhLVS4bbjiGvJJrRwyL": "15.0.3"
      },
      "lang": "js",
      "fileLocks": [
        {
          "type": "globalVariant",
          "assetId": "d78fvYflotizkk",
          "checksum": "1950a3df08004240b61f656927e572ef"
        },
        {
          "type": "renderModule",
          "assetId": "yOP6IrvdsVj-G",
          "checksum": "9fa9ea28e11783fa8930ca5f44cd0ac7"
        },
        {
          "type": "cssRules",
          "assetId": "yOP6IrvdsVj-G",
          "checksum": "9fa9ea28e11783fa8930ca5f44cd0ac7"
        },
        {
          "type": "renderModule",
          "assetId": "ey_uE02a4G6XM",
          "checksum": "cc85d7aca9299e2ffba05983471868ee"
        },
        {
          "type": "cssRules",
          "assetId": "ey_uE02a4G6XM",
          "checksum": "cc85d7aca9299e2ffba05983471868ee"
        },
        {
          "type": "renderModule",
          "assetId": "ZPn3bgNH6g0zH",
          "checksum": "38353278c6de0ba8bfceb549dde9335b"
        },
        {
          "type": "cssRules",
          "assetId": "ZPn3bgNH6g0zH",
          "checksum": "38353278c6de0ba8bfceb549dde9335b"
        },
        {
          "type": "renderModule",
          "assetId": "kJwLVc9E80M3h",
          "checksum": "ef0c7a70f5c87e12d0da88ae1b2e89a3"
        },
        {
          "type": "cssRules",
          "assetId": "kJwLVc9E80M3h",
          "checksum": "ef0c7a70f5c87e12d0da88ae1b2e89a3"
        },
        {
          "type": "renderModule",
          "assetId": "WLZ0rblPyexnv",
          "checksum": "c09ae9eeb31dcf827b1a07b35a0b1fb5"
        },
        {
          "type": "cssRules",
          "assetId": "WLZ0rblPyexnv",
          "checksum": "c09ae9eeb31dcf827b1a07b35a0b1fb5"
        },
        {
          "type": "renderModule",
          "assetId": "jj6PS5r6usRXA",
          "checksum": "33eb895062b3ddf648f822fc922732ca"
        },
        {
          "type": "cssRules",
          "assetId": "jj6PS5r6usRXA",
          "checksum": "33eb895062b3ddf648f822fc922732ca"
        },
        {
          "type": "renderModule",
          "assetId": "drurerqJ3-jOgr",
          "checksum": "d2e375b9e0e15712243a8776fcacecb0"
        },
        {
          "type": "cssRules",
          "assetId": "drurerqJ3-jOgr",
          "checksum": "d2e375b9e0e15712243a8776fcacecb0"
        },
        {
          "type": "renderModule",
          "assetId": "mSAMIIjmOTBMVb",
          "checksum": "4319009f1d6f6c9e64dbe975ee5a163a"
        },
        {
          "type": "cssRules",
          "assetId": "mSAMIIjmOTBMVb",
          "checksum": "4319009f1d6f6c9e64dbe975ee5a163a"
        },
        {
          "type": "renderModule",
          "assetId": "mHQmBVsAWADp4N",
          "checksum": "8127a653983cb02e0ba16bb57611a0ee"
        },
        {
          "type": "cssRules",
          "assetId": "mHQmBVsAWADp4N",
          "checksum": "8127a653983cb02e0ba16bb57611a0ee"
        },
        {
          "type": "renderModule",
          "assetId": "I998XhvLi8pnj-",
          "checksum": "c0ae4305f5a86fb8e4ef499e80be1c08"
        },
        {
          "type": "cssRules",
          "assetId": "I998XhvLi8pnj-",
          "checksum": "c0ae4305f5a86fb8e4ef499e80be1c08"
        },
        {
          "type": "renderModule",
          "assetId": "Zc74PdOUSuQcIp",
          "checksum": "66e7c9889ef0054898a89c76269b0af0"
        },
        {
          "type": "cssRules",
          "assetId": "Zc74PdOUSuQcIp",
          "checksum": "66e7c9889ef0054898a89c76269b0af0"
        },
        {
          "type": "renderModule",
          "assetId": "gYKr9ZKOhbnexO",
          "checksum": "14e8877eeb4ef9200434339e355f7a19"
        },
        {
          "type": "cssRules",
          "assetId": "gYKr9ZKOhbnexO",
          "checksum": "14e8877eeb4ef9200434339e355f7a19"
        },
        {
          "type": "renderModule",
          "assetId": "BtVnlZOk39LgvY",
          "checksum": "3c7d1e9adca42d02b9f8775a14174896"
        },
        {
          "type": "cssRules",
          "assetId": "BtVnlZOk39LgvY",
          "checksum": "3c7d1e9adca42d02b9f8775a14174896"
        },
        {
          "type": "renderModule",
          "assetId": "FR5Q4W7re2-kzK",
          "checksum": "641dd09781f596bd928b23ee5c21f9c2"
        },
        {
          "type": "cssRules",
          "assetId": "FR5Q4W7re2-kzK",
          "checksum": "641dd09781f596bd928b23ee5c21f9c2"
        },
        {
          "type": "renderModule",
          "assetId": "O5PofbKZuSyR-q",
          "checksum": "dc6d18595996fab458655c1129f94043"
        },
        {
          "type": "cssRules",
          "assetId": "O5PofbKZuSyR-q",
          "checksum": "dc6d18595996fab458655c1129f94043"
        },
        {
          "type": "renderModule",
          "assetId": "iFqFPiL8JIFWnK",
          "checksum": "c4b13c153c8d9fc3aa63133907396de5"
        },
        {
          "type": "cssRules",
          "assetId": "iFqFPiL8JIFWnK",
          "checksum": "c4b13c153c8d9fc3aa63133907396de5"
        },
        {
          "type": "renderModule",
          "assetId": "rkMFJp1JSm80t2",
          "checksum": "8e93e3f7448299c60f14697f5c4ab5af"
        },
        {
          "type": "cssRules",
          "assetId": "rkMFJp1JSm80t2",
          "checksum": "8e93e3f7448299c60f14697f5c4ab5af"
        },
        {
          "type": "icon",
          "assetId": "Mo8-oNtvr93R_X",
          "checksum": "6477b5ead53d9ebcb3c57a4e127f0203"
        },
        {
          "type": "icon",
          "assetId": "aYYl40-BIKRWKP",
          "checksum": "d91b044b96f4860165abe7a35f5b78cf"
        },
        {
          "type": "icon",
          "assetId": "hsDNdQpe-px1RH",
          "checksum": "9032ad6cf2403e66309dc1fe18f5bd35"
        },
        {
          "type": "icon",
          "assetId": "EmQfyxEqr64t9m",
          "checksum": "a05b026dec65ff137395197894cb8427"
        },
        {
          "type": "icon",
          "assetId": "Wv0VnUzBEWKfnt",
          "checksum": "efa6b20a5a0025e06835a10e40c32744"
        },
        {
          "type": "icon",
          "assetId": "pk6UUmy6cpdBuH",
          "checksum": "033e9a57419594ee00d9e565a522c9a2"
        },
        {
          "type": "icon",
          "assetId": "3grBEaJHqB0cM8",
          "checksum": "899a3611ea19f180a41fb180d96b80ab"
        },
        {
          "type": "icon",
          "assetId": "lfJt1wCHZiFF7o",
          "checksum": "ce12dcec7600ac6b6b927c703ab39125"
        },
        {
          "type": "icon",
          "assetId": "ymSw14DsLNa55d",
          "checksum": "a69b89a472612cf18130c802f4a7b2d6"
        },
        {
          "type": "icon",
          "assetId": "AskK07yZKOtgT5",
          "checksum": "2762188bf1e25cd425363309f71b6085"
        },
        {
          "type": "icon",
          "assetId": "vHOFAU2EOYf9bE",
          "checksum": "064b04a2a68a144e8a07951f17d4bc7d"
        },
        {
          "type": "icon",
          "assetId": "JTfRUZZiL9CILc",
          "checksum": "0ad3e29355fef0f53dd8c006b39cc6de"
        },
        {
          "type": "icon",
          "assetId": "hYYYjOALjvkxuH",
          "checksum": "d8649893d4fb6d9f46d897ecb1ef6b89"
        },
        {
          "type": "icon",
          "assetId": "Va2yuFZZdQXRku",
          "checksum": "49dfff502307bc869c4c36db2d636426"
        },
        {
          "type": "icon",
          "assetId": "WmvLxphlopsd41",
          "checksum": "9caae2e8cb26fdad0caacaa6c1406bc7"
        },
        {
          "type": "icon",
          "assetId": "eW-eLIZdBOEjBO",
          "checksum": "aa95b4c227d32d3e9201b115d3abfcd0"
        },
        {
          "type": "icon",
          "assetId": "CeDOkz4kPQ1lJ8",
          "checksum": "62dbb8802fcecade2683bbac0189c354"
        },
        {
          "type": "icon",
          "assetId": "6MLW-XtXOmG0d4",
          "checksum": "171a952ed2514a05fe7f638b799f3a41"
        },
        {
          "type": "icon",
          "assetId": "QPSdJ4RR2IRKm_",
          "checksum": "b6f3a290bad23829c43923dd7e496535"
        },
        {
          "type": "icon",
          "assetId": "TsBdFIJOOJxUHu",
          "checksum": "9cc4863688984c83da9874bc47280271"
        },
        {
          "type": "icon",
          "assetId": "9d6rKtCfvD10hE",
          "checksum": "f037acdf4648d1a5d2d2cc206076fd96"
        },
        {
          "type": "icon",
          "assetId": "P-WVggbukb3kXX",
          "checksum": "f3f49743354f5e973e801748b8c66555"
        },
        {
          "type": "image",
          "assetId": "x0zkcYzpviBCn2",
          "checksum": "0ba523e1d9491e5649d8678ef6cdd832"
        },
        {
          "type": "image",
          "assetId": "8Cn3_RK83eCOgx",
          "checksum": "54a400e2e147b7e415dab80673a706c3"
        },
        {
          "type": "image",
          "assetId": "1OAoXLs9WX1OaP",
          "checksum": "851f17a8cb11830e7f414bff75f6ac35"
        },
        {
          "type": "image",
          "assetId": "sitZaBJxL90J0S",
          "checksum": "1da05c527ddeda443001c39cedbd6a36"
        },
        {
          "type": "renderModule",
          "assetId": "bhIPBS0rHs",
          "checksum": "6ce1e9d9fcf952d09c1f351f74845037"
        },
        {
          "type": "cssRules",
          "assetId": "bhIPBS0rHs",
          "checksum": "6ce1e9d9fcf952d09c1f351f74845037"
        },
        {
          "assetId": "tKTnPCKDkyqVsBLoY29HS4",
          "type": "projectCss",
          "checksum": "c43c344d3feaa980c121fde9907837c6"
        }
      ],
      "codegenVersion": "0.0.1"
    }
  ],
  "cliVersion": "0.1.176"
}
